// !$*UTF8*$!
{
	archiveVersion = 1;
	classes = {
	};
	objectVersion = 46;
	objects = {

/* Begin PBXBuildFile section */
		2E169E1A19FF79FA0048FA88 /* selected.png in Resources */ = {isa = PBXBuildFile; fileRef = 2E169E1919FF79FA0048FA88 /* selected.png */; };
		2E169E1C19FF7B950048FA88 /* nonselect.png in Resources */ = {isa = PBXBuildFile; fileRef = 2E169E1B19FF7B950048FA88 /* nonselect.png */; };
		2E3730081A15F7EA00534A9D /* addButton.png in Resources */ = {isa = PBXBuildFile; fileRef = 2E3730061A15F7EA00534A9D /* addButton.png */; };
		2E3730091A15F7EA00534A9D /* listButton.png in Resources */ = {isa = PBXBuildFile; fileRef = 2E3730071A15F7EA00534A9D /* listButton.png */; };
		2E3730131A1638B900534A9D /* cart.png in Resources */ = {isa = PBXBuildFile; fileRef = 2E3730111A1638B900534A9D /* cart.png */; };
		2E3730141A1638B900534A9D /* subButton.png in Resources */ = {isa = PBXBuildFile; fileRef = 2E3730121A1638B900534A9D /* subButton.png */; };
		2E47A45D1A19AFBB00010404 /* calendar_icon.png in Resources */ = {isa = PBXBuildFile; fileRef = 2E47A45A1A19AFBB00010404 /* calendar_icon.png */; };
		2E47A45E1A19AFBB00010404 /* menu_icon.png in Resources */ = {isa = PBXBuildFile; fileRef = 2E47A45B1A19AFBB00010404 /* menu_icon.png */; };
		2E47A45F1A19AFBB00010404 /* other_icon.png in Resources */ = {isa = PBXBuildFile; fileRef = 2E47A45C1A19AFBB00010404 /* other_icon.png */; };
		2E47A4631A19B45A00010404 /* calendar_icon@2x.png in Resources */ = {isa = PBXBuildFile; fileRef = 2E47A4601A19B45A00010404 /* calendar_icon@2x.png */; };
		2E47A4641A19B45A00010404 /* menu_icon@2x.png in Resources */ = {isa = PBXBuildFile; fileRef = 2E47A4611A19B45A00010404 /* menu_icon@2x.png */; };
		2E47A4651A19B45A00010404 /* other_icon@2x.png in Resources */ = {isa = PBXBuildFile; fileRef = 2E47A4621A19B45A00010404 /* other_icon@2x.png */; };
		2E4A2D551A195743001B1BD8 /* noimage.jpg in Resources */ = {isa = PBXBuildFile; fileRef = 2E4A2D541A195743001B1BD8 /* noimage.jpg */; };
		2E646D3E1A05F4E100D9CBE9 /* _EatList.m in Sources */ = {isa = PBXBuildFile; fileRef = 2E646D3B1A05F4E100D9CBE9 /* _EatList.m */; };
		2E646D3F1A05F4E100D9CBE9 /* EatList.m in Sources */ = {isa = PBXBuildFile; fileRef = 2E646D3D1A05F4E100D9CBE9 /* EatList.m */; };
		2E646D451A05F4F500D9CBE9 /* _Food.m in Sources */ = {isa = PBXBuildFile; fileRef = 2E646D421A05F4F500D9CBE9 /* _Food.m */; };
		2E646D461A05F4F500D9CBE9 /* Food.m in Sources */ = {isa = PBXBuildFile; fileRef = 2E646D441A05F4F500D9CBE9 /* Food.m */; };
		2E72B47B19FA5918001A0DE3 /* main.m in Sources */ = {isa = PBXBuildFile; fileRef = 2E72B47A19FA5918001A0DE3 /* main.m */; };
		2E72B47E19FA5918001A0DE3 /* AppDelegate.m in Sources */ = {isa = PBXBuildFile; fileRef = 2E72B47D19FA5918001A0DE3 /* AppDelegate.m */; };
		2E72B48119FA5918001A0DE3 /* restaurant_ios.xcdatamodeld in Sources */ = {isa = PBXBuildFile; fileRef = 2E72B47F19FA5918001A0DE3 /* restaurant_ios.xcdatamodeld */; };
		2E72B48719FA5918001A0DE3 /* Main.storyboard in Resources */ = {isa = PBXBuildFile; fileRef = 2E72B48519FA5918001A0DE3 /* Main.storyboard */; };
		2E72B48919FA5918001A0DE3 /* Images.xcassets in Resources */ = {isa = PBXBuildFile; fileRef = 2E72B48819FA5918001A0DE3 /* Images.xcassets */; };
		2E72B48C19FA5918001A0DE3 /* LaunchScreen.xib in Resources */ = {isa = PBXBuildFile; fileRef = 2E72B48A19FA5918001A0DE3 /* LaunchScreen.xib */; };
		2E72B49819FA5918001A0DE3 /* restaurant_iosTests.m in Sources */ = {isa = PBXBuildFile; fileRef = 2E72B49719FA5918001A0DE3 /* restaurant_iosTests.m */; };
		2E72B4EC19FA59D7001A0DE3 /* CustomTableViewCell.m in Sources */ = {isa = PBXBuildFile; fileRef = 2E72B4D119FA59D7001A0DE3 /* CustomTableViewCell.m */; };
		2E72B4ED19FA59D7001A0DE3 /* DetailViewController.m in Sources */ = {isa = PBXBuildFile; fileRef = 2E72B4D319FA59D7001A0DE3 /* DetailViewController.m */; };
		2E72B4EE19FA59D7001A0DE3 /* EatenFoodViewController.m in Sources */ = {isa = PBXBuildFile; fileRef = 2E72B4D519FA59D7001A0DE3 /* EatenFoodViewController.m */; };
		2E72B4EF19FA59D7001A0DE3 /* EatListViewController.m in Sources */ = {isa = PBXBuildFile; fileRef = 2E72B4D719FA59D7001A0DE3 /* EatListViewController.m */; };
		2E72B4F019FA59D7001A0DE3 /* MenuViewController.m in Sources */ = {isa = PBXBuildFile; fileRef = 2E72B4D919FA59D7001A0DE3 /* MenuViewController.m */; };
		2E72B4F119FA59D7001A0DE3 /* OtherDetailViewController.m in Sources */ = {isa = PBXBuildFile; fileRef = 2E72B4DB19FA59D7001A0DE3 /* OtherDetailViewController.m */; };
		2E72B4F219FA59D7001A0DE3 /* OtherViewController.m in Sources */ = {isa = PBXBuildFile; fileRef = 2E72B4DD19FA59D7001A0DE3 /* OtherViewController.m */; };
		2E72B4F419FA59D7001A0DE3 /* Menu.m in Sources */ = {isa = PBXBuildFile; fileRef = 2E72B4E219FA59D7001A0DE3 /* Menu.m */; };
		2E72B4F519FA59D7001A0DE3 /* MenuTableCell.xib in Resources */ = {isa = PBXBuildFile; fileRef = 2E72B4E419FA59D7001A0DE3 /* MenuTableCell.xib */; };
		2EAB54581A07FDAE00FF5AE4 /* PDAPIConnection.m in Sources */ = {isa = PBXBuildFile; fileRef = 2EAB54511A07FDAE00FF5AE4 /* PDAPIConnection.m */; };
		2EAB54591A07FDAE00FF5AE4 /* PDAsyncURLConnection.m in Sources */ = {isa = PBXBuildFile; fileRef = 2EAB54531A07FDAE00FF5AE4 /* PDAsyncURLConnection.m */; };
		2EAB545A1A07FDAE00FF5AE4 /* PDUtils.m in Sources */ = {isa = PBXBuildFile; fileRef = 2EAB54551A07FDAE00FF5AE4 /* PDUtils.m */; };
		2EAB545B1A07FDAE00FF5AE4 /* Reachability.m in Sources */ = {isa = PBXBuildFile; fileRef = 2EAB54571A07FDAE00FF5AE4 /* Reachability.m */; };
		2ECBCC411A09069C00795EDC /* ExtendedPDAPIConnection.m in Sources */ = {isa = PBXBuildFile; fileRef = 2ECBCC401A09069C00795EDC /* ExtendedPDAPIConnection.m */; };
		2ECBCC441A09080700795EDC /* MenuList.m in Sources */ = {isa = PBXBuildFile; fileRef = 2ECBCC431A09080700795EDC /* MenuList.m */; };
		41BF5B982A124FC0CD710039 /* libPods.a in Frameworks */ = {isa = PBXBuildFile; fileRef = 33F1BAED38403A5C1E000737 /* libPods.a */; };
/* End PBXBuildFile section */

/* Begin PBXContainerItemProxy section */
		2E72B49219FA5918001A0DE3 /* PBXContainerItemProxy */ = {
			isa = PBXContainerItemProxy;
			containerPortal = 2E72B46D19FA5918001A0DE3 /* Project object */;
			proxyType = 1;
			remoteGlobalIDString = 2E72B47419FA5918001A0DE3;
			remoteInfo = restaurant_ios;
		};
/* End PBXContainerItemProxy section */

/* Begin PBXFileReference section */
		2E169E1919FF79FA0048FA88 /* selected.png */ = {isa = PBXFileReference; lastKnownFileType = image.png; path = selected.png; sourceTree = "<group>"; };
		2E169E1B19FF7B950048FA88 /* nonselect.png */ = {isa = PBXFileReference; lastKnownFileType = image.png; path = nonselect.png; sourceTree = "<group>"; };
		2E3730061A15F7EA00534A9D /* addButton.png */ = {isa = PBXFileReference; lastKnownFileType = image.png; path = addButton.png; sourceTree = "<group>"; };
		2E3730071A15F7EA00534A9D /* listButton.png */ = {isa = PBXFileReference; lastKnownFileType = image.png; path = listButton.png; sourceTree = "<group>"; };
		2E3730111A1638B900534A9D /* cart.png */ = {isa = PBXFileReference; lastKnownFileType = image.png; path = cart.png; sourceTree = "<group>"; };
		2E3730121A1638B900534A9D /* subButton.png */ = {isa = PBXFileReference; lastKnownFileType = image.png; path = subButton.png; sourceTree = "<group>"; };
		2E47A45A1A19AFBB00010404 /* calendar_icon.png */ = {isa = PBXFileReference; lastKnownFileType = image.png; path = calendar_icon.png; sourceTree = "<group>"; };
		2E47A45B1A19AFBB00010404 /* menu_icon.png */ = {isa = PBXFileReference; lastKnownFileType = image.png; path = menu_icon.png; sourceTree = "<group>"; };
		2E47A45C1A19AFBB00010404 /* other_icon.png */ = {isa = PBXFileReference; lastKnownFileType = image.png; path = other_icon.png; sourceTree = "<group>"; };
		2E47A4601A19B45A00010404 /* calendar_icon@2x.png */ = {isa = PBXFileReference; lastKnownFileType = image.png; path = "calendar_icon@2x.png"; sourceTree = "<group>"; };
		2E47A4611A19B45A00010404 /* menu_icon@2x.png */ = {isa = PBXFileReference; lastKnownFileType = image.png; path = "menu_icon@2x.png"; sourceTree = "<group>"; };
		2E47A4621A19B45A00010404 /* other_icon@2x.png */ = {isa = PBXFileReference; lastKnownFileType = image.png; path = "other_icon@2x.png"; sourceTree = "<group>"; };
		2E4A2D541A195743001B1BD8 /* noimage.jpg */ = {isa = PBXFileReference; lastKnownFileType = image.jpeg; path = noimage.jpg; sourceTree = "<group>"; };
		2E646D3A1A05F4E100D9CBE9 /* _EatList.h */ = {isa = PBXFileReference; fileEncoding = 4; lastKnownFileType = sourcecode.c.h; name = _EatList.h; path = restaurant_ios/CoreData/_EatList.h; sourceTree = SOURCE_ROOT; };
		2E646D3B1A05F4E100D9CBE9 /* _EatList.m */ = {isa = PBXFileReference; fileEncoding = 4; lastKnownFileType = sourcecode.c.objc; name = _EatList.m; path = restaurant_ios/CoreData/_EatList.m; sourceTree = SOURCE_ROOT; };
		2E646D3C1A05F4E100D9CBE9 /* EatList.h */ = {isa = PBXFileReference; fileEncoding = 4; lastKnownFileType = sourcecode.c.h; name = EatList.h; path = restaurant_ios/CoreData/EatList.h; sourceTree = SOURCE_ROOT; };
		2E646D3D1A05F4E100D9CBE9 /* EatList.m */ = {isa = PBXFileReference; fileEncoding = 4; lastKnownFileType = sourcecode.c.objc; name = EatList.m; path = restaurant_ios/CoreData/EatList.m; sourceTree = SOURCE_ROOT; };
		2E646D411A05F4F500D9CBE9 /* _Food.h */ = {isa = PBXFileReference; fileEncoding = 4; lastKnownFileType = sourcecode.c.h; name = _Food.h; path = restaurant_ios/CoreData/_Food.h; sourceTree = SOURCE_ROOT; };
		2E646D421A05F4F500D9CBE9 /* _Food.m */ = {isa = PBXFileReference; fileEncoding = 4; lastKnownFileType = sourcecode.c.objc; name = _Food.m; path = restaurant_ios/CoreData/_Food.m; sourceTree = SOURCE_ROOT; };
		2E646D431A05F4F500D9CBE9 /* Food.h */ = {isa = PBXFileReference; fileEncoding = 4; lastKnownFileType = sourcecode.c.h; name = Food.h; path = restaurant_ios/CoreData/Food.h; sourceTree = SOURCE_ROOT; };
		2E646D441A05F4F500D9CBE9 /* Food.m */ = {isa = PBXFileReference; fileEncoding = 4; lastKnownFileType = sourcecode.c.objc; name = Food.m; path = restaurant_ios/CoreData/Food.m; sourceTree = SOURCE_ROOT; };
		2E72B47519FA5918001A0DE3 /* restaurant_ios.app */ = {isa = PBXFileReference; explicitFileType = wrapper.application; includeInIndex = 0; path = restaurant_ios.app; sourceTree = BUILT_PRODUCTS_DIR; };
		2E72B47919FA5918001A0DE3 /* Info.plist */ = {isa = PBXFileReference; lastKnownFileType = text.plist.xml; path = Info.plist; sourceTree = "<group>"; };
		2E72B47A19FA5918001A0DE3 /* main.m */ = {isa = PBXFileReference; lastKnownFileType = sourcecode.c.objc; path = main.m; sourceTree = "<group>"; };
		2E72B47C19FA5918001A0DE3 /* AppDelegate.h */ = {isa = PBXFileReference; lastKnownFileType = sourcecode.c.h; path = AppDelegate.h; sourceTree = "<group>"; };
		2E72B47D19FA5918001A0DE3 /* AppDelegate.m */ = {isa = PBXFileReference; lastKnownFileType = sourcecode.c.objc; path = AppDelegate.m; sourceTree = "<group>"; };
		2E72B48019FA5918001A0DE3 /* restaurant_ios.xcdatamodel */ = {isa = PBXFileReference; lastKnownFileType = wrapper.xcdatamodel; path = restaurant_ios.xcdatamodel; sourceTree = "<group>"; };
		2E72B48619FA5918001A0DE3 /* Base */ = {isa = PBXFileReference; lastKnownFileType = file.storyboard; name = Base; path = Base.lproj/Main.storyboard; sourceTree = "<group>"; };
		2E72B48819FA5918001A0DE3 /* Images.xcassets */ = {isa = PBXFileReference; lastKnownFileType = folder.assetcatalog; path = Images.xcassets; sourceTree = "<group>"; };
		2E72B48B19FA5918001A0DE3 /* Base */ = {isa = PBXFileReference; lastKnownFileType = file.xib; name = Base; path = Base.lproj/LaunchScreen.xib; sourceTree = "<group>"; };
		2E72B49119FA5918001A0DE3 /* restaurant_iosTests.xctest */ = {isa = PBXFileReference; explicitFileType = wrapper.cfbundle; includeInIndex = 0; path = restaurant_iosTests.xctest; sourceTree = BUILT_PRODUCTS_DIR; };
		2E72B49619FA5918001A0DE3 /* Info.plist */ = {isa = PBXFileReference; lastKnownFileType = text.plist.xml; path = Info.plist; sourceTree = "<group>"; };
		2E72B49719FA5918001A0DE3 /* restaurant_iosTests.m */ = {isa = PBXFileReference; lastKnownFileType = sourcecode.c.objc; path = restaurant_iosTests.m; sourceTree = "<group>"; };
		2E72B4D019FA59D7001A0DE3 /* CustomTableViewCell.h */ = {isa = PBXFileReference; fileEncoding = 4; lastKnownFileType = sourcecode.c.h; path = CustomTableViewCell.h; sourceTree = "<group>"; };
		2E72B4D119FA59D7001A0DE3 /* CustomTableViewCell.m */ = {isa = PBXFileReference; fileEncoding = 4; lastKnownFileType = sourcecode.c.objc; path = CustomTableViewCell.m; sourceTree = "<group>"; };
		2E72B4D219FA59D7001A0DE3 /* DetailViewController.h */ = {isa = PBXFileReference; fileEncoding = 4; lastKnownFileType = sourcecode.c.h; path = DetailViewController.h; sourceTree = "<group>"; };
		2E72B4D319FA59D7001A0DE3 /* DetailViewController.m */ = {isa = PBXFileReference; fileEncoding = 4; lastKnownFileType = sourcecode.c.objc; path = DetailViewController.m; sourceTree = "<group>"; };
		2E72B4D419FA59D7001A0DE3 /* EatenFoodViewController.h */ = {isa = PBXFileReference; fileEncoding = 4; lastKnownFileType = sourcecode.c.h; path = EatenFoodViewController.h; sourceTree = "<group>"; };
		2E72B4D519FA59D7001A0DE3 /* EatenFoodViewController.m */ = {isa = PBXFileReference; fileEncoding = 4; lastKnownFileType = sourcecode.c.objc; path = EatenFoodViewController.m; sourceTree = "<group>"; };
		2E72B4D619FA59D7001A0DE3 /* EatListViewController.h */ = {isa = PBXFileReference; fileEncoding = 4; lastKnownFileType = sourcecode.c.h; path = EatListViewController.h; sourceTree = "<group>"; };
		2E72B4D719FA59D7001A0DE3 /* EatListViewController.m */ = {isa = PBXFileReference; fileEncoding = 4; lastKnownFileType = sourcecode.c.objc; path = EatListViewController.m; sourceTree = "<group>"; };
		2E72B4D819FA59D7001A0DE3 /* MenuViewController.h */ = {isa = PBXFileReference; fileEncoding = 4; lastKnownFileType = sourcecode.c.h; path = MenuViewController.h; sourceTree = "<group>"; };
		2E72B4D919FA59D7001A0DE3 /* MenuViewController.m */ = {isa = PBXFileReference; fileEncoding = 4; lastKnownFileType = sourcecode.c.objc; path = MenuViewController.m; sourceTree = "<group>"; };
		2E72B4DA19FA59D7001A0DE3 /* OtherDetailViewController.h */ = {isa = PBXFileReference; fileEncoding = 4; lastKnownFileType = sourcecode.c.h; path = OtherDetailViewController.h; sourceTree = "<group>"; };
		2E72B4DB19FA59D7001A0DE3 /* OtherDetailViewController.m */ = {isa = PBXFileReference; fileEncoding = 4; lastKnownFileType = sourcecode.c.objc; path = OtherDetailViewController.m; sourceTree = "<group>"; };
		2E72B4DC19FA59D7001A0DE3 /* OtherViewController.h */ = {isa = PBXFileReference; fileEncoding = 4; lastKnownFileType = sourcecode.c.h; path = OtherViewController.h; sourceTree = "<group>"; };
		2E72B4DD19FA59D7001A0DE3 /* OtherViewController.m */ = {isa = PBXFileReference; fileEncoding = 4; lastKnownFileType = sourcecode.c.objc; path = OtherViewController.m; sourceTree = "<group>"; };
		2E72B4E119FA59D7001A0DE3 /* Menu.h */ = {isa = PBXFileReference; fileEncoding = 4; lastKnownFileType = sourcecode.c.h; path = Menu.h; sourceTree = "<group>"; };
		2E72B4E219FA59D7001A0DE3 /* Menu.m */ = {isa = PBXFileReference; fileEncoding = 4; lastKnownFileType = sourcecode.c.objc; path = Menu.m; sourceTree = "<group>"; };
		2E72B4E419FA59D7001A0DE3 /* MenuTableCell.xib */ = {isa = PBXFileReference; fileEncoding = 4; lastKnownFileType = file.xib; path = MenuTableCell.xib; sourceTree = "<group>"; };
		2EAB54501A07FDAE00FF5AE4 /* PDAPIConnection.h */ = {isa = PBXFileReference; fileEncoding = 4; lastKnownFileType = sourcecode.c.h; path = PDAPIConnection.h; sourceTree = "<group>"; };
		2EAB54511A07FDAE00FF5AE4 /* PDAPIConnection.m */ = {isa = PBXFileReference; fileEncoding = 4; lastKnownFileType = sourcecode.c.objc; path = PDAPIConnection.m; sourceTree = "<group>"; };
		2EAB54521A07FDAE00FF5AE4 /* PDAsyncURLConnection.h */ = {isa = PBXFileReference; fileEncoding = 4; lastKnownFileType = sourcecode.c.h; path = PDAsyncURLConnection.h; sourceTree = "<group>"; };
		2EAB54531A07FDAE00FF5AE4 /* PDAsyncURLConnection.m */ = {isa = PBXFileReference; fileEncoding = 4; lastKnownFileType = sourcecode.c.objc; path = PDAsyncURLConnection.m; sourceTree = "<group>"; };
		2EAB54541A07FDAE00FF5AE4 /* PDUtils.h */ = {isa = PBXFileReference; fileEncoding = 4; lastKnownFileType = sourcecode.c.h; path = PDUtils.h; sourceTree = "<group>"; };
		2EAB54551A07FDAE00FF5AE4 /* PDUtils.m */ = {isa = PBXFileReference; fileEncoding = 4; lastKnownFileType = sourcecode.c.objc; path = PDUtils.m; sourceTree = "<group>"; };
		2EAB54561A07FDAE00FF5AE4 /* Reachability.h */ = {isa = PBXFileReference; fileEncoding = 4; lastKnownFileType = sourcecode.c.h; path = Reachability.h; sourceTree = "<group>"; };
		2EAB54571A07FDAE00FF5AE4 /* Reachability.m */ = {isa = PBXFileReference; fileEncoding = 4; lastKnownFileType = sourcecode.c.objc; path = Reachability.m; sourceTree = "<group>"; };
		2ECBCC3F1A09069C00795EDC /* ExtendedPDAPIConnection.h */ = {isa = PBXFileReference; fileEncoding = 4; lastKnownFileType = sourcecode.c.h; path = ExtendedPDAPIConnection.h; sourceTree = "<group>"; };
		2ECBCC401A09069C00795EDC /* ExtendedPDAPIConnection.m */ = {isa = PBXFileReference; fileEncoding = 4; lastKnownFileType = sourcecode.c.objc; path = ExtendedPDAPIConnection.m; sourceTree = "<group>"; };
		2ECBCC421A09080700795EDC /* MenuList.h */ = {isa = PBXFileReference; fileEncoding = 4; lastKnownFileType = sourcecode.c.h; name = MenuList.h; path = ../controller/MenuList.h; sourceTree = "<group>"; };
		2ECBCC431A09080700795EDC /* MenuList.m */ = {isa = PBXFileReference; fileEncoding = 4; lastKnownFileType = sourcecode.c.objc; name = MenuList.m; path = ../controller/MenuList.m; sourceTree = "<group>"; };
		33F1BAED38403A5C1E000737 /* libPods.a */ = {isa = PBXFileReference; explicitFileType = archive.ar; includeInIndex = 0; path = libPods.a; sourceTree = BUILT_PRODUCTS_DIR; };
		845566288663813A65F48980 /* Pods.release.xcconfig */ = {isa = PBXFileReference; includeInIndex = 1; lastKnownFileType = text.xcconfig; name = Pods.release.xcconfig; path = "Pods/Target Support Files/Pods/Pods.release.xcconfig"; sourceTree = "<group>"; };
		8F4C5E43EA477457433FADAB /* Pods.debug.xcconfig */ = {isa = PBXFileReference; includeInIndex = 1; lastKnownFileType = text.xcconfig; name = Pods.debug.xcconfig; path = "Pods/Target Support Files/Pods/Pods.debug.xcconfig"; sourceTree = "<group>"; };
/* End PBXFileReference section */

/* Begin PBXFrameworksBuildPhase section */
		2E72B47219FA5918001A0DE3 /* Frameworks */ = {
			isa = PBXFrameworksBuildPhase;
			buildActionMask = 2147483647;
			files = (
				41BF5B982A124FC0CD710039 /* libPods.a in Frameworks */,
			);
			runOnlyForDeploymentPostprocessing = 0;
		};
		2E72B48E19FA5918001A0DE3 /* Frameworks */ = {
			isa = PBXFrameworksBuildPhase;
			buildActionMask = 2147483647;
			files = (
			);
			runOnlyForDeploymentPostprocessing = 0;
		};
/* End PBXFrameworksBuildPhase section */

/* Begin PBXGroup section */
		2E31AFD91A057BC000E580F0 /* menu view */ = {
			isa = PBXGroup;
			children = (
				2E72B4D819FA59D7001A0DE3 /* MenuViewController.h */,
				2E72B4D919FA59D7001A0DE3 /* MenuViewController.m */,
				2ECBCC3F1A09069C00795EDC /* ExtendedPDAPIConnection.h */,
				2ECBCC401A09069C00795EDC /* ExtendedPDAPIConnection.m */,
			);
			name = "menu view";
			sourceTree = "<group>";
		};
		2E31AFDA1A057BEE00E580F0 /* eat list view */ = {
			isa = PBXGroup;
			children = (
				2E72B4D419FA59D7001A0DE3 /* EatenFoodViewController.h */,
				2E72B4D519FA59D7001A0DE3 /* EatenFoodViewController.m */,
				2E72B4D619FA59D7001A0DE3 /* EatListViewController.h */,
				2E72B4D719FA59D7001A0DE3 /* EatListViewController.m */,
			);
			name = "eat list view";
			sourceTree = "<group>";
		};
		2E31AFDB1A057C3300E580F0 /* other view */ = {
			isa = PBXGroup;
			children = (
				2E72B4DA19FA59D7001A0DE3 /* OtherDetailViewController.h */,
				2E72B4DB19FA59D7001A0DE3 /* OtherDetailViewController.m */,
				2E72B4DC19FA59D7001A0DE3 /* OtherViewController.h */,
				2E72B4DD19FA59D7001A0DE3 /* OtherViewController.m */,
			);
			name = "other view";
			sourceTree = "<group>";
		};
		2E646D391A05F4CC00D9CBE9 /* EatList Model */ = {
			isa = PBXGroup;
			children = (
				2E646D3A1A05F4E100D9CBE9 /* _EatList.h */,
				2E646D3B1A05F4E100D9CBE9 /* _EatList.m */,
				2E646D3C1A05F4E100D9CBE9 /* EatList.h */,
				2E646D3D1A05F4E100D9CBE9 /* EatList.m */,
			);
			name = "EatList Model";
			sourceTree = "<group>";
		};
		2E646D401A05F4E700D9CBE9 /* Food Model */ = {
			isa = PBXGroup;
			children = (
				2E646D411A05F4F500D9CBE9 /* _Food.h */,
				2E646D421A05F4F500D9CBE9 /* _Food.m */,
				2E646D431A05F4F500D9CBE9 /* Food.h */,
				2E646D441A05F4F500D9CBE9 /* Food.m */,
			);
			name = "Food Model";
			sourceTree = "<group>";
		};
		2E72B46C19FA5918001A0DE3 = {
			isa = PBXGroup;
			children = (
				2E72B47719FA5918001A0DE3 /* restaurant_ios */,
				2E72B49419FA5918001A0DE3 /* restaurant_iosTests */,
				2E72B47619FA5918001A0DE3 /* Products */,
				A5A65255968E54BC21EAFC05 /* Pods */,
				434C1DE59E1C3DFA0DFFEA9A /* Frameworks */,
			);
			sourceTree = "<group>";
		};
		2E72B47619FA5918001A0DE3 /* Products */ = {
			isa = PBXGroup;
			children = (
				2E72B47519FA5918001A0DE3 /* restaurant_ios.app */,
				2E72B49119FA5918001A0DE3 /* restaurant_iosTests.xctest */,
			);
			name = Products;
			sourceTree = "<group>";
		};
		2E72B47719FA5918001A0DE3 /* restaurant_ios */ = {
			isa = PBXGroup;
			children = (
				2EAB544F1A07FDAE00FF5AE4 /* Utility */,
				2E72B4CE19FA59D7001A0DE3 /* classes */,
				2E72B47C19FA5918001A0DE3 /* AppDelegate.h */,
				2E72B47D19FA5918001A0DE3 /* AppDelegate.m */,
				2E72B48819FA5918001A0DE3 /* Images.xcassets */,
				2E72B47819FA5918001A0DE3 /* Supporting Files */,
			);
			path = restaurant_ios;
			sourceTree = "<group>";
		};
		2E72B47819FA5918001A0DE3 /* Supporting Files */ = {
			isa = PBXGroup;
			children = (
				2E72B4E619FA59D7001A0DE3 /* picture */,
				2E72B47919FA5918001A0DE3 /* Info.plist */,
				2E72B47A19FA5918001A0DE3 /* main.m */,
			);
			name = "Supporting Files";
			sourceTree = "<group>";
		};
		2E72B49419FA5918001A0DE3 /* restaurant_iosTests */ = {
			isa = PBXGroup;
			children = (
				2E72B49719FA5918001A0DE3 /* restaurant_iosTests.m */,
				2E72B49519FA5918001A0DE3 /* Supporting Files */,
			);
			path = restaurant_iosTests;
			sourceTree = "<group>";
		};
		2E72B49519FA5918001A0DE3 /* Supporting Files */ = {
			isa = PBXGroup;
			children = (
				2E72B49619FA5918001A0DE3 /* Info.plist */,
			);
			name = "Supporting Files";
			sourceTree = "<group>";
		};
		2E72B4CE19FA59D7001A0DE3 /* classes */ = {
			isa = PBXGroup;
			children = (
				2E72B4CF19FA59D7001A0DE3 /* controller */,
				2E72B4E019FA59D7001A0DE3 /* model */,
				2E72B4E319FA59D7001A0DE3 /* view */,
			);
			path = classes;
			sourceTree = "<group>";
		};
		2E72B4CF19FA59D7001A0DE3 /* controller */ = {
			isa = PBXGroup;
			children = (
				2E31AFDB1A057C3300E580F0 /* other view */,
				2E31AFDA1A057BEE00E580F0 /* eat list view */,
				2E31AFD91A057BC000E580F0 /* menu view */,
				2E72B4D019FA59D7001A0DE3 /* CustomTableViewCell.h */,
				2E72B4D119FA59D7001A0DE3 /* CustomTableViewCell.m */,
				2E72B4D219FA59D7001A0DE3 /* DetailViewController.h */,
				2E72B4D319FA59D7001A0DE3 /* DetailViewController.m */,
			);
			path = controller;
			sourceTree = "<group>";
		};
		2E72B4E019FA59D7001A0DE3 /* model */ = {
			isa = PBXGroup;
			children = (
				2E646D401A05F4E700D9CBE9 /* Food Model */,
				2E646D391A05F4CC00D9CBE9 /* EatList Model */,
				2E72B47F19FA5918001A0DE3 /* restaurant_ios.xcdatamodeld */,
				2ECBCC421A09080700795EDC /* MenuList.h */,
				2ECBCC431A09080700795EDC /* MenuList.m */,
				2E72B4E119FA59D7001A0DE3 /* Menu.h */,
				2E72B4E219FA59D7001A0DE3 /* Menu.m */,
			);
			path = model;
			sourceTree = "<group>";
		};
		2E72B4E319FA59D7001A0DE3 /* view */ = {
			isa = PBXGroup;
			children = (
				2E72B4E419FA59D7001A0DE3 /* MenuTableCell.xib */,
				2E72B48519FA5918001A0DE3 /* Main.storyboard */,
				2E72B48A19FA5918001A0DE3 /* LaunchScreen.xib */,
			);
			path = view;
			sourceTree = "<group>";
		};
		2E72B4E619FA59D7001A0DE3 /* picture */ = {
			isa = PBXGroup;
			children = (
				2E47A4601A19B45A00010404 /* calendar_icon@2x.png */,
				2E47A4611A19B45A00010404 /* menu_icon@2x.png */,
				2E47A4621A19B45A00010404 /* other_icon@2x.png */,
				2E3730111A1638B900534A9D /* cart.png */,
				2E47A45A1A19AFBB00010404 /* calendar_icon.png */,
				2E47A45B1A19AFBB00010404 /* menu_icon.png */,
				2E47A45C1A19AFBB00010404 /* other_icon.png */,
				2E3730121A1638B900534A9D /* subButton.png */,
				2E169E1B19FF7B950048FA88 /* nonselect.png */,
				2E169E1919FF79FA0048FA88 /* selected.png */,
				2E3730061A15F7EA00534A9D /* addButton.png */,
				2E3730071A15F7EA00534A9D /* listButton.png */,
				2E4A2D541A195743001B1BD8 /* noimage.jpg */,
			);
			path = picture;
			sourceTree = "<group>";
		};
		2EAB544F1A07FDAE00FF5AE4 /* Utility */ = {
			isa = PBXGroup;
			children = (
				2EAB54501A07FDAE00FF5AE4 /* PDAPIConnection.h */,
				2EAB54511A07FDAE00FF5AE4 /* PDAPIConnection.m */,
				2EAB54521A07FDAE00FF5AE4 /* PDAsyncURLConnection.h */,
				2EAB54531A07FDAE00FF5AE4 /* PDAsyncURLConnection.m */,
				2EAB54541A07FDAE00FF5AE4 /* PDUtils.h */,
				2EAB54551A07FDAE00FF5AE4 /* PDUtils.m */,
				2EAB54561A07FDAE00FF5AE4 /* Reachability.h */,
				2EAB54571A07FDAE00FF5AE4 /* Reachability.m */,
			);
			path = Utility;
			sourceTree = "<group>";
		};
		434C1DE59E1C3DFA0DFFEA9A /* Frameworks */ = {
			isa = PBXGroup;
			children = (
				33F1BAED38403A5C1E000737 /* libPods.a */,
			);
			name = Frameworks;
			sourceTree = "<group>";
		};
		A5A65255968E54BC21EAFC05 /* Pods */ = {
			isa = PBXGroup;
			children = (
				8F4C5E43EA477457433FADAB /* Pods.debug.xcconfig */,
				845566288663813A65F48980 /* Pods.release.xcconfig */,
			);
			name = Pods;
			sourceTree = "<group>";
		};
/* End PBXGroup section */

/* Begin PBXNativeTarget section */
		2E72B47419FA5918001A0DE3 /* restaurant_ios */ = {
			isa = PBXNativeTarget;
			buildConfigurationList = 2E72B49B19FA5918001A0DE3 /* Build configuration list for PBXNativeTarget "restaurant_ios" */;
			buildPhases = (
				F5BE63C787F0D7EEACE79D12 /* Check Pods Manifest.lock */,
				2E72B47119FA5918001A0DE3 /* Sources */,
				2E72B47219FA5918001A0DE3 /* Frameworks */,
				2E72B47319FA5918001A0DE3 /* Resources */,
				DA8C8F06C5FF569B433473D7 /* Copy Pods Resources */,
			);
			buildRules = (
			);
			dependencies = (
			);
			name = restaurant_ios;
			productName = restaurant_ios;
			productReference = 2E72B47519FA5918001A0DE3 /* restaurant_ios.app */;
			productType = "com.apple.product-type.application";
		};
		2E72B49019FA5918001A0DE3 /* restaurant_iosTests */ = {
			isa = PBXNativeTarget;
			buildConfigurationList = 2E72B49E19FA5918001A0DE3 /* Build configuration list for PBXNativeTarget "restaurant_iosTests" */;
			buildPhases = (
				2E72B48D19FA5918001A0DE3 /* Sources */,
				2E72B48E19FA5918001A0DE3 /* Frameworks */,
				2E72B48F19FA5918001A0DE3 /* Resources */,
			);
			buildRules = (
			);
			dependencies = (
				2E72B49319FA5918001A0DE3 /* PBXTargetDependency */,
			);
			name = restaurant_iosTests;
			productName = restaurant_iosTests;
			productReference = 2E72B49119FA5918001A0DE3 /* restaurant_iosTests.xctest */;
			productType = "com.apple.product-type.bundle.unit-test";
		};
/* End PBXNativeTarget section */

/* Begin PBXProject section */
		2E72B46D19FA5918001A0DE3 /* Project object */ = {
			isa = PBXProject;
			attributes = {
				LastUpgradeCheck = 0610;
				ORGANIZATIONNAME = pad;
				TargetAttributes = {
					2E72B47419FA5918001A0DE3 = {
						CreatedOnToolsVersion = 6.1;
					};
					2E72B49019FA5918001A0DE3 = {
						CreatedOnToolsVersion = 6.1;
						TestTargetID = 2E72B47419FA5918001A0DE3;
					};
				};
			};
			buildConfigurationList = 2E72B47019FA5918001A0DE3 /* Build configuration list for PBXProject "restaurant_ios" */;
			compatibilityVersion = "Xcode 3.2";
			developmentRegion = English;
			hasScannedForEncodings = 0;
			knownRegions = (
				en,
				Base,
			);
			mainGroup = 2E72B46C19FA5918001A0DE3;
			productRefGroup = 2E72B47619FA5918001A0DE3 /* Products */;
			projectDirPath = "";
			projectRoot = "";
			targets = (
				2E72B47419FA5918001A0DE3 /* restaurant_ios */,
				2E72B49019FA5918001A0DE3 /* restaurant_iosTests */,
			);
		};
/* End PBXProject section */

/* Begin PBXResourcesBuildPhase section */
		2E72B47319FA5918001A0DE3 /* Resources */ = {
			isa = PBXResourcesBuildPhase;
			buildActionMask = 2147483647;
			files = (
				2E169E1C19FF7B950048FA88 /* nonselect.png in Resources */,
				2E72B48719FA5918001A0DE3 /* Main.storyboard in Resources */,
				2E47A45D1A19AFBB00010404 /* calendar_icon.png in Resources */,
				2E72B48C19FA5918001A0DE3 /* LaunchScreen.xib in Resources */,
				2E72B48919FA5918001A0DE3 /* Images.xcassets in Resources */,
				2E47A4651A19B45A00010404 /* other_icon@2x.png in Resources */,
				2E4A2D551A195743001B1BD8 /* noimage.jpg in Resources */,
				2E3730081A15F7EA00534A9D /* addButton.png in Resources */,
				2E72B4F519FA59D7001A0DE3 /* MenuTableCell.xib in Resources */,
				2E47A45E1A19AFBB00010404 /* menu_icon.png in Resources */,
				2E47A4631A19B45A00010404 /* calendar_icon@2x.png in Resources */,
				2E47A4641A19B45A00010404 /* menu_icon@2x.png in Resources */,
				2E3730141A1638B900534A9D /* subButton.png in Resources */,
				2E3730131A1638B900534A9D /* cart.png in Resources */,
				2E47A45F1A19AFBB00010404 /* other_icon.png in Resources */,
				2E3730091A15F7EA00534A9D /* listButton.png in Resources */,
				2E169E1A19FF79FA0048FA88 /* selected.png in Resources */,
			);
			runOnlyForDeploymentPostprocessing = 0;
		};
		2E72B48F19FA5918001A0DE3 /* Resources */ = {
			isa = PBXResourcesBuildPhase;
			buildActionMask = 2147483647;
			files = (
			);
			runOnlyForDeploymentPostprocessing = 0;
		};
/* End PBXResourcesBuildPhase section */

/* Begin PBXShellScriptBuildPhase section */
		DA8C8F06C5FF569B433473D7 /* Copy Pods Resources */ = {
			isa = PBXShellScriptBuildPhase;
			buildActionMask = 2147483647;
			files = (
			);
			inputPaths = (
			);
			name = "Copy Pods Resources";
			outputPaths = (
			);
			runOnlyForDeploymentPostprocessing = 0;
			shellPath = /bin/sh;
			shellScript = "\"${SRCROOT}/Pods/Target Support Files/Pods/Pods-resources.sh\"\n";
			showEnvVarsInLog = 0;
		};
		F5BE63C787F0D7EEACE79D12 /* Check Pods Manifest.lock */ = {
			isa = PBXShellScriptBuildPhase;
			buildActionMask = 2147483647;
			files = (
			);
			inputPaths = (
			);
			name = "Check Pods Manifest.lock";
			outputPaths = (
			);
			runOnlyForDeploymentPostprocessing = 0;
			shellPath = /bin/sh;
			shellScript = "diff \"${PODS_ROOT}/../Podfile.lock\" \"${PODS_ROOT}/Manifest.lock\" > /dev/null\nif [[ $? != 0 ]] ; then\n    cat << EOM\nerror: The sandbox is not in sync with the Podfile.lock. Run 'pod install' or update your CocoaPods installation.\nEOM\n    exit 1\nfi\n";
			showEnvVarsInLog = 0;
		};
/* End PBXShellScriptBuildPhase section */

/* Begin PBXSourcesBuildPhase section */
		2E72B47119FA5918001A0DE3 /* Sources */ = {
			isa = PBXSourcesBuildPhase;
			buildActionMask = 2147483647;
			files = (
				2E646D461A05F4F500D9CBE9 /* Food.m in Sources */,
				2EAB545A1A07FDAE00FF5AE4 /* PDUtils.m in Sources */,
				2E72B4F119FA59D7001A0DE3 /* OtherDetailViewController.m in Sources */,
				2E72B4F219FA59D7001A0DE3 /* OtherViewController.m in Sources */,
				2E646D3F1A05F4E100D9CBE9 /* EatList.m in Sources */,
				2E72B4F419FA59D7001A0DE3 /* Menu.m in Sources */,
				2E72B4EE19FA59D7001A0DE3 /* EatenFoodViewController.m in Sources */,
				2E72B4ED19FA59D7001A0DE3 /* DetailViewController.m in Sources */,
				2E72B47E19FA5918001A0DE3 /* AppDelegate.m in Sources */,
				2E646D451A05F4F500D9CBE9 /* _Food.m in Sources */,
				2EAB545B1A07FDAE00FF5AE4 /* Reachability.m in Sources */,
				2E72B4F019FA59D7001A0DE3 /* MenuViewController.m in Sources */,
				2ECBCC441A09080700795EDC /* MenuList.m in Sources */,
				2EAB54581A07FDAE00FF5AE4 /* PDAPIConnection.m in Sources */,
				2E72B48119FA5918001A0DE3 /* restaurant_ios.xcdatamodeld in Sources */,
				2E72B4EC19FA59D7001A0DE3 /* CustomTableViewCell.m in Sources */,
				2ECBCC411A09069C00795EDC /* ExtendedPDAPIConnection.m in Sources */,
				2E72B47B19FA5918001A0DE3 /* main.m in Sources */,
				2EAB54591A07FDAE00FF5AE4 /* PDAsyncURLConnection.m in Sources */,
				2E646D3E1A05F4E100D9CBE9 /* _EatList.m in Sources */,
				2E72B4EF19FA59D7001A0DE3 /* EatListViewController.m in Sources */,
			);
			runOnlyForDeploymentPostprocessing = 0;
		};
		2E72B48D19FA5918001A0DE3 /* Sources */ = {
			isa = PBXSourcesBuildPhase;
			buildActionMask = 2147483647;
			files = (
				2E72B49819FA5918001A0DE3 /* restaurant_iosTests.m in Sources */,
			);
			runOnlyForDeploymentPostprocessing = 0;
		};
/* End PBXSourcesBuildPhase section */

/* Begin PBXTargetDependency section */
		2E72B49319FA5918001A0DE3 /* PBXTargetDependency */ = {
			isa = PBXTargetDependency;
			target = 2E72B47419FA5918001A0DE3 /* restaurant_ios */;
			targetProxy = 2E72B49219FA5918001A0DE3 /* PBXContainerItemProxy */;
		};
/* End PBXTargetDependency section */

/* Begin PBXVariantGroup section */
		2E72B48519FA5918001A0DE3 /* Main.storyboard */ = {
			isa = PBXVariantGroup;
			children = (
				2E72B48619FA5918001A0DE3 /* Base */,
			);
			name = Main.storyboard;
			path = ../..;
			sourceTree = "<group>";
		};
		2E72B48A19FA5918001A0DE3 /* LaunchScreen.xib */ = {
			isa = PBXVariantGroup;
			children = (
				2E72B48B19FA5918001A0DE3 /* Base */,
			);
			name = LaunchScreen.xib;
			path = ../..;
			sourceTree = "<group>";
		};
/* End PBXVariantGroup section */

/* Begin XCBuildConfiguration section */
		2E72B49919FA5918001A0DE3 /* Debug */ = {
			isa = XCBuildConfiguration;
			buildSettings = {
				ALWAYS_SEARCH_USER_PATHS = NO;
				CLANG_CXX_LANGUAGE_STANDARD = "gnu++0x";
				CLANG_CXX_LIBRARY = "libc++";
				CLANG_ENABLE_MODULES = YES;
				CLANG_ENABLE_OBJC_ARC = YES;
				CLANG_WARN_BOOL_CONVERSION = YES;
				CLANG_WARN_CONSTANT_CONVERSION = YES;
				CLANG_WARN_DIRECT_OBJC_ISA_USAGE = YES_ERROR;
				CLANG_WARN_EMPTY_BODY = YES;
				CLANG_WARN_ENUM_CONVERSION = YES;
				CLANG_WARN_INT_CONVERSION = YES;
				CLANG_WARN_OBJC_ROOT_CLASS = YES_ERROR;
				CLANG_WARN_UNREACHABLE_CODE = YES;
				CLANG_WARN__DUPLICATE_METHOD_MATCH = YES;
				"CODE_SIGN_IDENTITY[sdk=iphoneos*]" = "iPhone Developer";
				COPY_PHASE_STRIP = NO;
				ENABLE_STRICT_OBJC_MSGSEND = YES;
				GCC_C_LANGUAGE_STANDARD = gnu99;
				GCC_DYNAMIC_NO_PIC = NO;
				GCC_OPTIMIZATION_LEVEL = 0;
				GCC_PREPROCESSOR_DEFINITIONS = (
					"DEBUG=1",
					"$(inherited)",
				);
				GCC_SYMBOLS_PRIVATE_EXTERN = NO;
				GCC_WARN_64_TO_32_BIT_CONVERSION = YES;
				GCC_WARN_ABOUT_RETURN_TYPE = YES_ERROR;
				GCC_WARN_UNDECLARED_SELECTOR = YES;
				GCC_WARN_UNINITIALIZED_AUTOS = YES_AGGRESSIVE;
				GCC_WARN_UNUSED_FUNCTION = YES;
				GCC_WARN_UNUSED_VARIABLE = YES;
				IPHONEOS_DEPLOYMENT_TARGET = 8.1;
				MTL_ENABLE_DEBUG_INFO = YES;
				ONLY_ACTIVE_ARCH = YES;
				SDKROOT = iphoneos;
			};
			name = Debug;
		};
		2E72B49A19FA5918001A0DE3 /* Release */ = {
			isa = XCBuildConfiguration;
			buildSettings = {
				ALWAYS_SEARCH_USER_PATHS = NO;
				CLANG_CXX_LANGUAGE_STANDARD = "gnu++0x";
				CLANG_CXX_LIBRARY = "libc++";
				CLANG_ENABLE_MODULES = YES;
				CLANG_ENABLE_OBJC_ARC = YES;
				CLANG_WARN_BOOL_CONVERSION = YES;
				CLANG_WARN_CONSTANT_CONVERSION = YES;
				CLANG_WARN_DIRECT_OBJC_ISA_USAGE = YES_ERROR;
				CLANG_WARN_EMPTY_BODY = YES;
				CLANG_WARN_ENUM_CONVERSION = YES;
				CLANG_WARN_INT_CONVERSION = YES;
				CLANG_WARN_OBJC_ROOT_CLASS = YES_ERROR;
				CLANG_WARN_UNREACHABLE_CODE = YES;
				CLANG_WARN__DUPLICATE_METHOD_MATCH = YES;
				"CODE_SIGN_IDENTITY[sdk=iphoneos*]" = "iPhone Developer";
				COPY_PHASE_STRIP = YES;
				ENABLE_NS_ASSERTIONS = NO;
				ENABLE_STRICT_OBJC_MSGSEND = YES;
				GCC_C_LANGUAGE_STANDARD = gnu99;
				GCC_WARN_64_TO_32_BIT_CONVERSION = YES;
				GCC_WARN_ABOUT_RETURN_TYPE = YES_ERROR;
				GCC_WARN_UNDECLARED_SELECTOR = YES;
				GCC_WARN_UNINITIALIZED_AUTOS = YES_AGGRESSIVE;
				GCC_WARN_UNUSED_FUNCTION = YES;
				GCC_WARN_UNUSED_VARIABLE = YES;
				IPHONEOS_DEPLOYMENT_TARGET = 8.1;
				MTL_ENABLE_DEBUG_INFO = NO;
				SDKROOT = iphoneos;
				VALIDATE_PRODUCT = YES;
			};
			name = Release;
		};
		2E72B49C19FA5918001A0DE3 /* Debug */ = {
			isa = XCBuildConfiguration;
			baseConfigurationReference = 8F4C5E43EA477457433FADAB /* Pods.debug.xcconfig */;
			buildSettings = {
				ASSETCATALOG_COMPILER_APPICON_NAME = AppIcon;
				GCC_PREFIX_HEADER = "";
				INFOPLIST_FILE = restaurant_ios/Info.plist;
				LD_RUNPATH_SEARCH_PATHS = "$(inherited) @executable_path/Frameworks";
				PRODUCT_NAME = "$(TARGET_NAME)";
			};
			name = Debug;
		};
		2E72B49D19FA5918001A0DE3 /* Release */ = {
			isa = XCBuildConfiguration;
			baseConfigurationReference = 845566288663813A65F48980 /* Pods.release.xcconfig */;
			buildSettings = {
				ASSETCATALOG_COMPILER_APPICON_NAME = AppIcon;
				GCC_PREFIX_HEADER = "";
				INFOPLIST_FILE = restaurant_ios/Info.plist;
				LD_RUNPATH_SEARCH_PATHS = "$(inherited) @executable_path/Frameworks";
				PRODUCT_NAME = "$(TARGET_NAME)";
			};
			name = Release;
		};
		2E72B49F19FA5918001A0DE3 /* Debug */ = {
			isa = XCBuildConfiguration;
			buildSettings = {
				BUNDLE_LOADER = "$(TEST_HOST)";
				FRAMEWORK_SEARCH_PATHS = (
					"$(SDKROOT)/Developer/Library/Frameworks",
					"$(inherited)",
				);
				GCC_PREPROCESSOR_DEFINITIONS = (
					"DEBUG=1",
					"$(inherited)",
				);
				INFOPLIST_FILE = restaurant_iosTests/Info.plist;
				LD_RUNPATH_SEARCH_PATHS = "$(inherited) @executable_path/Frameworks @loader_path/Frameworks";
				PRODUCT_NAME = "$(TARGET_NAME)";
				TEST_HOST = "$(BUILT_PRODUCTS_DIR)/restaurant_ios.app/restaurant_ios";
			};
			name = Debug;
		};
		2E72B4A019FA5918001A0DE3 /* Release */ = {
			isa = XCBuildConfiguration;
			buildSettings = {
				BUNDLE_LOADER = "$(TEST_HOST)";
				FRAMEWORK_SEARCH_PATHS = (
					"$(SDKROOT)/Developer/Library/Frameworks",
					"$(inherited)",
				);
				INFOPLIST_FILE = restaurant_iosTests/Info.plist;
				LD_RUNPATH_SEARCH_PATHS = "$(inherited) @executable_path/Frameworks @loader_path/Frameworks";
				PRODUCT_NAME = "$(TARGET_NAME)";
				TEST_HOST = "$(BUILT_PRODUCTS_DIR)/restaurant_ios.app/restaurant_ios";
			};
			name = Release;
		};
/* End XCBuildConfiguration section */

/* Begin XCConfigurationList section */
		2E72B47019FA5918001A0DE3 /* Build configuration list for PBXProject "restaurant_ios" */ = {
			isa = XCConfigurationList;
			buildConfigurations = (
				2E72B49919FA5918001A0DE3 /* Debug */,
				2E72B49A19FA5918001A0DE3 /* Release */,
			);
			defaultConfigurationIsVisible = 0;
			defaultConfigurationName = Release;
		};
		2E72B49B19FA5918001A0DE3 /* Build configuration list for PBXNativeTarget "restaurant_ios" */ = {
			isa = XCConfigurationList;
			buildConfigurations = (
				2E72B49C19FA5918001A0DE3 /* Debug */,
				2E72B49D19FA5918001A0DE3 /* Release */,
			);
			defaultConfigurationIsVisible = 0;
			defaultConfigurationName = Release;
		};
		2E72B49E19FA5918001A0DE3 /* Build configuration list for PBXNativeTarget "restaurant_iosTests" */ = {
			isa = XCConfigurationList;
			buildConfigurations = (
				2E72B49F19FA5918001A0DE3 /* Debug */,
				2E72B4A019FA5918001A0DE3 /* Release */,
			);
			defaultConfigurationIsVisible = 0;
			defaultConfigurationName = Release;
		};
/* End XCConfigurationList section */

/* Begin XCVersionGroup section */
		2E72B47F19FA5918001A0DE3 /* restaurant_ios.xcdatamodeld */ = {
			isa = XCVersionGroup;
			children = (
				2E72B48019FA5918001A0DE3 /* restaurant_ios.xcdatamodel */,
			);
			currentVersion = 2E72B48019FA5918001A0DE3 /* restaurant_ios.xcdatamodel */;
			name = restaurant_ios.xcdatamodeld;
			path = ../../restaurant_ios.xcdatamodeld;
			sourceTree = "<group>";
			versionGroupType = wrapper.xcdatamodel;
		};
/* End XCVersionGroup section */
	};
	rootObject = 2E72B46D19FA5918001A0DE3 /* Project object */;
}
