// !$*UTF8*$!
{
	archiveVersion = 1;
	classes = {
	};
	objectVersion = 46;
	objects = {

/* Begin PBXBuildFile section */
		2E72B47B19FA5918001A0DE3 /* main.m in Sources */ = {isa = PBXBuildFile; fileRef = 2E72B47A19FA5918001A0DE3 /* main.m */; };
		2E72B47E19FA5918001A0DE3 /* AppDelegate.m in Sources */ = {isa = PBXBuildFile; fileRef = 2E72B47D19FA5918001A0DE3 /* AppDelegate.m */; };
		2E72B48119FA5918001A0DE3 /* restaurant_ios.xcdatamodeld in Sources */ = {isa = PBXBuildFile; fileRef = 2E72B47F19FA5918001A0DE3 /* restaurant_ios.xcdatamodeld */; };
		2E72B48419FA5918001A0DE3 /* ViewController.m in Sources */ = {isa = PBXBuildFile; fileRef = 2E72B48319FA5918001A0DE3 /* ViewController.m */; };
		2E72B48719FA5918001A0DE3 /* Main.storyboard in Resources */ = {isa = PBXBuildFile; fileRef = 2E72B48519FA5918001A0DE3 /* Main.storyboard */; };
		2E72B48919FA5918001A0DE3 /* Images.xcassets in Resources */ = {isa = PBXBuildFile; fileRef = 2E72B48819FA5918001A0DE3 /* Images.xcassets */; };
		2E72B48C19FA5918001A0DE3 /* LaunchScreen.xib in Resources */ = {isa = PBXBuildFile; fileRef = 2E72B48A19FA5918001A0DE3 /* LaunchScreen.xib */; };
		2E72B49819FA5918001A0DE3 /* restaurant_iosTests.m in Sources */ = {isa = PBXBuildFile; fileRef = 2E72B49719FA5918001A0DE3 /* restaurant_iosTests.m */; };
/* End PBXBuildFile section */

/* Begin PBXContainerItemProxy section */
		2E72B49219FA5918001A0DE3 /* PBXContainerItemProxy */ = {
			isa = PBXContainerItemProxy;
			containerPortal = 2E72B46D19FA5918001A0DE3 /* Project object */;
			proxyType = 1;
			remoteGlobalIDString = 2E72B47419FA5918001A0DE3;
			remoteInfo = restaurant_ios;
		};
/* End PBXContainerItemProxy section */

/* Begin PBXFileReference section */
		2E72B47519FA5918001A0DE3 /* restaurant_ios.app */ = {isa = PBXFileReference; explicitFileType = wrapper.application; includeInIndex = 0; path = restaurant_ios.app; sourceTree = BUILT_PRODUCTS_DIR; };
		2E72B47919FA5918001A0DE3 /* Info.plist */ = {isa = PBXFileReference; lastKnownFileType = text.plist.xml; path = Info.plist; sourceTree = "<group>"; };
		2E72B47A19FA5918001A0DE3 /* main.m */ = {isa = PBXFileReference; lastKnownFileType = sourcecode.c.objc; path = main.m; sourceTree = "<group>"; };
		2E72B47C19FA5918001A0DE3 /* AppDelegate.h */ = {isa = PBXFileReference; lastKnownFileType = sourcecode.c.h; path = AppDelegate.h; sourceTree = "<group>"; };
		2E72B47D19FA5918001A0DE3 /* AppDelegate.m */ = {isa = PBXFileReference; lastKnownFileType = sourcecode.c.objc; path = AppDelegate.m; sourceTree = "<group>"; };
		2E72B48019FA5918001A0DE3 /* restaurant_ios.xcdatamodel */ = {isa = PBXFileReference; lastKnownFileType = wrapper.xcdatamodel; path = restaurant_ios.xcdatamodel; sourceTree = "<group>"; };
		2E72B48219FA5918001A0DE3 /* ViewController.h */ = {isa = PBXFileReference; lastKnownFileType = sourcecode.c.h; path = ViewController.h; sourceTree = "<group>"; };
		2E72B48319FA5918001A0DE3 /* ViewController.m */ = {isa = PBXFileReference; lastKnownFileType = sourcecode.c.objc; path = ViewController.m; sourceTree = "<group>"; };
		2E72B48619FA5918001A0DE3 /* Base */ = {isa = PBXFileReference; lastKnownFileType = file.storyboard; name = Base; path = Base.lproj/Main.storyboard; sourceTree = "<group>"; };
		2E72B48819FA5918001A0DE3 /* Images.xcassets */ = {isa = PBXFileReference; lastKnownFileType = folder.assetcatalog; path = Images.xcassets; sourceTree = "<group>"; };
		2E72B48B19FA5918001A0DE3 /* Base */ = {isa = PBXFileReference; lastKnownFileType = file.xib; name = Base; path = Base.lproj/LaunchScreen.xib; sourceTree = "<group>"; };
		2E72B49119FA5918001A0DE3 /* restaurant_iosTests.xctest */ = {isa = PBXFileReference; explicitFileType = wrapper.cfbundle; includeInIndex = 0; path = restaurant_iosTests.xctest; sourceTree = BUILT_PRODUCTS_DIR; };
		2E72B49619FA5918001A0DE3 /* Info.plist */ = {isa = PBXFileReference; lastKnownFileType = text.plist.xml; path = Info.plist; sourceTree = "<group>"; };
		2E72B49719FA5918001A0DE3 /* restaurant_iosTests.m */ = {isa = PBXFileReference; lastKnownFileType = sourcecode.c.objc; path = restaurant_iosTests.m; sourceTree = "<group>"; };
/* End PBXFileReference section */

/* Begin PBXFrameworksBuildPhase section */
		2E72B47219FA5918001A0DE3 /* Frameworks */ = {
			isa = PBXFrameworksBuildPhase;
			buildActionMask = 2147483647;
			files = (
			);
			runOnlyForDeploymentPostprocessing = 0;
		};
		2E72B48E19FA5918001A0DE3 /* Frameworks */ = {
			isa = PBXFrameworksBuildPhase;
			buildActionMask = 2147483647;
			files = (
			);
			runOnlyForDeploymentPostprocessing = 0;
		};
/* End PBXFrameworksBuildPhase section */

/* Begin PBXGroup section */
		2E72B46C19FA5918001A0DE3 = {
			isa = PBXGroup;
			children = (
				2E72B47719FA5918001A0DE3 /* restaurant_ios */,
				2E72B49419FA5918001A0DE3 /* restaurant_iosTests */,
				2E72B47619FA5918001A0DE3 /* Products */,
			);
			sourceTree = "<group>";
		};
		2E72B47619FA5918001A0DE3 /* Products */ = {
			isa = PBXGroup;
			children = (
				2E72B47519FA5918001A0DE3 /* restaurant_ios.app */,
				2E72B49119FA5918001A0DE3 /* restaurant_iosTests.xctest */,
			);
			name = Products;
			sourceTree = "<group>";
		};
		2E72B47719FA5918001A0DE3 /* restaurant_ios */ = {
			isa = PBXGroup;
			children = (
				2E72B47C19FA5918001A0DE3 /* AppDelegate.h */,
				2E72B47D19FA5918001A0DE3 /* AppDelegate.m */,
				2E72B48219FA5918001A0DE3 /* ViewController.h */,
				2E72B48319FA5918001A0DE3 /* ViewController.m */,
				2E72B48519FA5918001A0DE3 /* Main.storyboard */,
				2E72B48819FA5918001A0DE3 /* Images.xcassets */,
				2E72B48A19FA5918001A0DE3 /* LaunchScreen.xib */,
				2E72B47F19FA5918001A0DE3 /* restaurant_ios.xcdatamodeld */,
				2E72B47819FA5918001A0DE3 /* Supporting Files */,
			);
			path = restaurant_ios;
			sourceTree = "<group>";
		};
		2E72B47819FA5918001A0DE3 /* Supporting Files */ = {
			isa = PBXGroup;
			children = (
				2E72B47919FA5918001A0DE3 /* Info.plist */,
				2E72B47A19FA5918001A0DE3 /* main.m */,
			);
			name = "Supporting Files";
			sourceTree = "<group>";
		};
		2E72B49419FA5918001A0DE3 /* restaurant_iosTests */ = {
			isa = PBXGroup;
			children = (
				2E72B49719FA5918001A0DE3 /* restaurant_iosTests.m */,
				2E72B49519FA5918001A0DE3 /* Supporting Files */,
			);
			path = restaurant_iosTests;
			sourceTree = "<group>";
		};
		2E72B49519FA5918001A0DE3 /* Supporting Files */ = {
			isa = PBXGroup;
			children = (
				2E72B49619FA5918001A0DE3 /* Info.plist */,
			);
			name = "Supporting Files";
			sourceTree = "<group>";
		};
/* End PBXGroup section */

/* Begin PBXNativeTarget section */
		2E72B47419FA5918001A0DE3 /* restaurant_ios */ = {
			isa = PBXNativeTarget;
			buildConfigurationList = 2E72B49B19FA5918001A0DE3 /* Build configuration list for PBXNativeTarget "restaurant_ios" */;
			buildPhases = (
				2E72B47119FA5918001A0DE3 /* Sources */,
				2E72B47219FA5918001A0DE3 /* Frameworks */,
				2E72B47319FA5918001A0DE3 /* Resources */,
			);
			buildRules = (
			);
			dependencies = (
			);
			name = restaurant_ios;
			productName = restaurant_ios;
			productReference = 2E72B47519FA5918001A0DE3 /* restaurant_ios.app */;
			productType = "com.apple.product-type.application";
		};
		2E72B49019FA5918001A0DE3 /* restaurant_iosTests */ = {
			isa = PBXNativeTarget;
			buildConfigurationList = 2E72B49E19FA5918001A0DE3 /* Build configuration list for PBXNativeTarget "restaurant_iosTests" */;
			buildPhases = (
				2E72B48D19FA5918001A0DE3 /* Sources */,
				2E72B48E19FA5918001A0DE3 /* Frameworks */,
				2E72B48F19FA5918001A0DE3 /* Resources */,
			);
			buildRules = (
			);
			dependencies = (
				2E72B49319FA5918001A0DE3 /* PBXTargetDependency */,
			);
			name = restaurant_iosTests;
			productName = restaurant_iosTests;
			productReference = 2E72B49119FA5918001A0DE3 /* restaurant_iosTests.xctest */;
			productType = "com.apple.product-type.bundle.unit-test";
		};
/* End PBXNativeTarget section */

/* Begin PBXProject section */
		2E72B46D19FA5918001A0DE3 /* Project object */ = {
			isa = PBXProject;
			attributes = {
				LastUpgradeCheck = 0610;
				ORGANIZATIONNAME = pad;
				TargetAttributes = {
					2E72B47419FA5918001A0DE3 = {
						CreatedOnToolsVersion = 6.1;
					};
					2E72B49019FA5918001A0DE3 = {
						CreatedOnToolsVersion = 6.1;
						TestTargetID = 2E72B47419FA5918001A0DE3;
					};
				};
			};
			buildConfigurationList = 2E72B47019FA5918001A0DE3 /* Build configuration list for PBXProject "restaurant_ios" */;
			compatibilityVersion = "Xcode 3.2";
			developmentRegion = English;
			hasScannedForEncodings = 0;
			knownRegions = (
				en,
				Base,
			);
			mainGroup = 2E72B46C19FA5918001A0DE3;
			productRefGroup = 2E72B47619FA5918001A0DE3 /* Products */;
			projectDirPath = "";
			projectRoot = "";
			targets = (
				2E72B47419FA5918001A0DE3 /* restaurant_ios */,
				2E72B49019FA5918001A0DE3 /* restaurant_iosTests */,
			);
		};
/* End PBXProject section */

/* Begin PBXResourcesBuildPhase section */
		2E72B47319FA5918001A0DE3 /* Resources */ = {
			isa = PBXResourcesBuildPhase;
			buildActionMask = 2147483647;
			files = (
				2E72B48719FA5918001A0DE3 /* Main.storyboard in Resources */,
				2E72B48C19FA5918001A0DE3 /* LaunchScreen.xib in Resources */,
				2E72B48919FA5918001A0DE3 /* Images.xcassets in Resources */,
			);
			runOnlyForDeploymentPostprocessing = 0;
		};
		2E72B48F19FA5918001A0DE3 /* Resources */ = {
			isa = PBXResourcesBuildPhase;
			buildActionMask = 2147483647;
			files = (
			);
			runOnlyForDeploymentPostprocessing = 0;
		};
/* End PBXResourcesBuildPhase section */

/* Begin PBXSourcesBuildPhase section */
		2E72B47119FA5918001A0DE3 /* Sources */ = {
			isa = PBXSourcesBuildPhase;
			buildActionMask = 2147483647;
			files = (
				2E72B47E19FA5918001A0DE3 /* AppDelegate.m in Sources */,
				2E72B48119FA5918001A0DE3 /* restaurant_ios.xcdatamodeld in Sources */,
				2E72B48419FA5918001A0DE3 /* ViewController.m in Sources */,
				2E72B47B19FA5918001A0DE3 /* main.m in Sources */,
			);
			runOnlyForDeploymentPostprocessing = 0;
		};
		2E72B48D19FA5918001A0DE3 /* Sources */ = {
			isa = PBXSourcesBuildPhase;
			buildActionMask = 2147483647;
			files = (
				2E72B49819FA5918001A0DE3 /* restaurant_iosTests.m in Sources */,
			);
			runOnlyForDeploymentPostprocessing = 0;
		};
/* End PBXSourcesBuildPhase section */

/* Begin PBXTargetDependency section */
		2E72B49319FA5918001A0DE3 /* PBXTargetDependency */ = {
			isa = PBXTargetDependency;
			target = 2E72B47419FA5918001A0DE3 /* restaurant_ios */;
			targetProxy = 2E72B49219FA5918001A0DE3 /* PBXContainerItemProxy */;
		};
/* End PBXTargetDependency section */

/* Begin PBXVariantGroup section */
		2E72B48519FA5918001A0DE3 /* Main.storyboard */ = {
			isa = PBXVariantGroup;
			children = (
				2E72B48619FA5918001A0DE3 /* Base */,
			);
			name = Main.storyboard;
			sourceTree = "<group>";
		};
		2E72B48A19FA5918001A0DE3 /* LaunchScreen.xib */ = {
			isa = PBXVariantGroup;
			children = (
				2E72B48B19FA5918001A0DE3 /* Base */,
			);
			name = LaunchScreen.xib;
			sourceTree = "<group>";
		};
/* End PBXVariantGroup section */

/* Begin XCBuildConfiguration section */
		2E72B49919FA5918001A0DE3 /* Debug */ = {
			isa = XCBuildConfiguration;
			buildSettings = {
				ALWAYS_SEARCH_USER_PATHS = NO;
				CLANG_CXX_LANGUAGE_STANDARD = "gnu++0x";
				CLANG_CXX_LIBRARY = "libc++";
				CLANG_ENABLE_MODULES = YES;
				CLANG_ENABLE_OBJC_ARC = YES;
				CLANG_WARN_BOOL_CONVERSION = YES;
				CLANG_WARN_CONSTANT_CONVERSION = YES;
				CLANG_WARN_DIRECT_OBJC_ISA_USAGE = YES_ERROR;
				CLANG_WARN_EMPTY_BODY = YES;
				CLANG_WARN_ENUM_CONVERSION = YES;
				CLANG_WARN_INT_CONVERSION = YES;
				CLANG_WARN_OBJC_ROOT_CLASS = YES_ERROR;
				CLANG_WARN_UNREACHABLE_CODE = YES;
				CLANG_WARN__DUPLICATE_METHOD_MATCH = YES;
				"CODE_SIGN_IDENTITY[sdk=iphoneos*]" = "iPhone Developer";
				COPY_PHASE_STRIP = NO;
				ENABLE_STRICT_OBJC_MSGSEND = YES;
				GCC_C_LANGUAGE_STANDARD = gnu99;
				GCC_DYNAMIC_NO_PIC = NO;
				GCC_OPTIMIZATION_LEVEL = 0;
				GCC_PREPROCESSOR_DEFINITIONS = (
					"DEBUG=1",
					"$(inherited)",
				);
				GCC_SYMBOLS_PRIVATE_EXTERN = NO;
				GCC_WARN_64_TO_32_BIT_CONVERSION = YES;
				GCC_WARN_ABOUT_RETURN_TYPE = YES_ERROR;
				GCC_WARN_UNDECLARED_SELECTOR = YES;
				GCC_WARN_UNINITIALIZED_AUTOS = YES_AGGRESSIVE;
				GCC_WARN_UNUSED_FUNCTION = YES;
				GCC_WARN_UNUSED_VARIABLE = YES;
				IPHONEOS_DEPLOYMENT_TARGET = 8.1;
				MTL_ENABLE_DEBUG_INFO = YES;
				ONLY_ACTIVE_ARCH = YES;
				SDKROOT = iphoneos;
			};
			name = Debug;
		};
		2E72B49A19FA5918001A0DE3 /* Release */ = {
			isa = XCBuildConfiguration;
			buildSettings = {
				ALWAYS_SEARCH_USER_PATHS = NO;
				CLANG_CXX_LANGUAGE_STANDARD = "gnu++0x";
				CLANG_CXX_LIBRARY = "libc++";
				CLANG_ENABLE_MODULES = YES;
				CLANG_ENABLE_OBJC_ARC = YES;
				CLANG_WARN_BOOL_CONVERSION = YES;
				CLANG_WARN_CONSTANT_CONVERSION = YES;
				CLANG_WARN_DIRECT_OBJC_ISA_USAGE = YES_ERROR;
				CLANG_WARN_EMPTY_BODY = YES;
				CLANG_WARN_ENUM_CONVERSION = YES;
				CLANG_WARN_INT_CONVERSION = YES;
				CLANG_WARN_OBJC_ROOT_CLASS = YES_ERROR;
				CLANG_WARN_UNREACHABLE_CODE = YES;
				CLANG_WARN__DUPLICATE_METHOD_MATCH = YES;
				"CODE_SIGN_IDENTITY[sdk=iphoneos*]" = "iPhone Developer";
				COPY_PHASE_STRIP = YES;
				ENABLE_NS_ASSERTIONS = NO;
				ENABLE_STRICT_OBJC_MSGSEND = YES;
				GCC_C_LANGUAGE_STANDARD = gnu99;
				GCC_WARN_64_TO_32_BIT_CONVERSION = YES;
				GCC_WARN_ABOUT_RETURN_TYPE = YES_ERROR;
				GCC_WARN_UNDECLARED_SELECTOR = YES;
				GCC_WARN_UNINITIALIZED_AUTOS = YES_AGGRESSIVE;
				GCC_WARN_UNUSED_FUNCTION = YES;
				GCC_WARN_UNUSED_VARIABLE = YES;
				IPHONEOS_DEPLOYMENT_TARGET = 8.1;
				MTL_ENABLE_DEBUG_INFO = NO;
				SDKROOT = iphoneos;
				VALIDATE_PRODUCT = YES;
			};
			name = Release;
		};
		2E72B49C19FA5918001A0DE3 /* Debug */ = {
			isa = XCBuildConfiguration;
			buildSettings = {
				ASSETCATALOG_COMPILER_APPICON_NAME = AppIcon;
				INFOPLIST_FILE = restaurant_ios/Info.plist;
				LD_RUNPATH_SEARCH_PATHS = "$(inherited) @executable_path/Frameworks";
				PRODUCT_NAME = "$(TARGET_NAME)";
			};
			name = Debug;
		};
		2E72B49D19FA5918001A0DE3 /* Release */ = {
			isa = XCBuildConfiguration;
			buildSettings = {
				ASSETCATALOG_COMPILER_APPICON_NAME = AppIcon;
				INFOPLIST_FILE = restaurant_ios/Info.plist;
				LD_RUNPATH_SEARCH_PATHS = "$(inherited) @executable_path/Frameworks";
				PRODUCT_NAME = "$(TARGET_NAME)";
			};
			name = Release;
		};
		2E72B49F19FA5918001A0DE3 /* Debug */ = {
			isa = XCBuildConfiguration;
			buildSettings = {
				BUNDLE_LOADER = "$(TEST_HOST)";
				FRAMEWORK_SEARCH_PATHS = (
					"$(SDKROOT)/Developer/Library/Frameworks",
					"$(inherited)",
				);
				GCC_PREPROCESSOR_DEFINITIONS = (
					"DEBUG=1",
					"$(inherited)",
				);
				INFOPLIST_FILE = restaurant_iosTests/Info.plist;
				LD_RUNPATH_SEARCH_PATHS = "$(inherited) @executable_path/Frameworks @loader_path/Frameworks";
				PRODUCT_NAME = "$(TARGET_NAME)";
				TEST_HOST = "$(BUILT_PRODUCTS_DIR)/restaurant_ios.app/restaurant_ios";
			};
			name = Debug;
		};
		2E72B4A019FA5918001A0DE3 /* Release */ = {
			isa = XCBuildConfiguration;
			buildSettings = {
				BUNDLE_LOADER = "$(TEST_HOST)";
				FRAMEWORK_SEARCH_PATHS = (
					"$(SDKROOT)/Developer/Library/Frameworks",
					"$(inherited)",
				);
				INFOPLIST_FILE = restaurant_iosTests/Info.plist;
				LD_RUNPATH_SEARCH_PATHS = "$(inherited) @executable_path/Frameworks @loader_path/Frameworks";
				PRODUCT_NAME = "$(TARGET_NAME)";
				TEST_HOST = "$(BUILT_PRODUCTS_DIR)/restaurant_ios.app/restaurant_ios";
			};
			name = Release;
		};
/* End XCBuildConfiguration section */

/* Begin XCConfigurationList section */
		2E72B47019FA5918001A0DE3 /* Build configuration list for PBXProject "restaurant_ios" */ = {
			isa = XCConfigurationList;
			buildConfigurations = (
				2E72B49919FA5918001A0DE3 /* Debug */,
				2E72B49A19FA5918001A0DE3 /* Release */,
			);
			defaultConfigurationIsVisible = 0;
			defaultConfigurationName = Release;
		};
		2E72B49B19FA5918001A0DE3 /* Build configuration list for PBXNativeTarget "restaurant_ios" */ = {
			isa = XCConfigurationList;
			buildConfigurations = (
				2E72B49C19FA5918001A0DE3 /* Debug */,
				2E72B49D19FA5918001A0DE3 /* Release */,
			);
			defaultConfigurationIsVisible = 0;
		};
		2E72B49E19FA5918001A0DE3 /* Build configuration list for PBXNativeTarget "restaurant_iosTests" */ = {
			isa = XCConfigurationList;
			buildConfigurations = (
				2E72B49F19FA5918001A0DE3 /* Debug */,
				2E72B4A019FA5918001A0DE3 /* Release */,
			);
			defaultConfigurationIsVisible = 0;
		};
/* End XCConfigurationList section */

/* Begin XCVersionGroup section */
		2E72B47F19FA5918001A0DE3 /* restaurant_ios.xcdatamodeld */ = {
			isa = XCVersionGroup;
			children = (
				2E72B48019FA5918001A0DE3 /* restaurant_ios.xcdatamodel */,
			);
			currentVersion = 2E72B48019FA5918001A0DE3 /* restaurant_ios.xcdatamodel */;
			path = restaurant_ios.xcdatamodeld;
			sourceTree = "<group>";
			versionGroupType = wrapper.xcdatamodel;
		};
/* End XCVersionGroup section */
	};
	rootObject = 2E72B46D19FA5918001A0DE3 /* Project object */;
}
